
Microsoft Visual Studio Solution File, Format Version 12.00
# Visual Studio Version 17
VisualStudioVersion = 17.4.33213.308
MinimumVisualStudioVersion = 10.0.40219.1
Project("{FAE04EC0-301F-11D3-BF4B-00C04F79EFBC}") = "KutuphaneOtomasyonSistemi", "KutuphaneOtomasyonSistemi\KutuphaneOtomasyonSistemi.csproj", "{BBDFE955-ABB3-47C2-A66C-F63E54A4F389}"
EndProject
Project("{54435603-DBB4-11D2-8724-00A0C9A8B90C}") = "KOSsetup", "..\setup\KOSsetup\KOSsetup.vdproj", "{7691EB5E-6CAD-4BFF-B59C-B9A217DACB85}"
EndProject
Global
	GlobalSection(SolutionConfigurationPlatforms) = preSolution
		Debug|Any CPU = Debug|Any CPU
		Release|Any CPU = Release|Any CPU
	EndGlobalSection
	GlobalSection(ProjectConfigurationPlatforms) = postSolution
		{BBDFE955-ABB3-47C2-A66C-F63E54A4F389}.Debug|Any CPU.ActiveCfg = Debug|Any CPU
		{BBDFE955-ABB3-47C2-A66C-F63E54A4F389}.Debug|Any CPU.Build.0 = Debug|Any CPU
		{BBDFE955-ABB3-47C2-A66C-F63E54A4F389}.Release|Any CPU.ActiveCfg = Release|Any CPU
		{BBDFE955-ABB3-47C2-A66C-F63E54A4F389}.Release|Any CPU.Build.0 = Release|Any CPU
		{7691EB5E-6CAD-4BFF-B59C-B9A217DACB85}.Debug|Any CPU.ActiveCfg = Debug
		{7691EB5E-6CAD-4BFF-B59C-B9A217DACB85}.Release|Any CPU.ActiveCfg = Release
	EndGlobalSection
	GlobalSection(SolutionProperties) = preSolution
		HideSolutionNode = FALSE
	EndGlobalSection
	GlobalSection(ExtensibilityGlobals) = postSolution
		SolutionGuid = {9C7A3794-05F6-48E7-BF00-6ECAF21DD01C}
	EndGlobalSection
EndGlobal
